Microsoft Visual Studio Solution File, Format Version 11.00
# Visual Studio 2008

Project("{876B712E-A40B-460E-31B3-8D738C57EC20}") = "FPS - Copy", "Assembly-CSharp-firstpass.csproj", "{75351B24-0E8E-FA39-70C9-895A70BABA52}"
EndProject
Project("{876B712E-A40B-460E-31B3-8D738C57EC20}") = "FPS - Copy", "Assembly-CSharp.csproj", "{742E6438-5DF6-BD8B-06E1-880D5875450D}"
EndProject
Project("{876B712E-A40B-460E-31B3-8D738C57EC20}") = "FPS - Copy", "Assembly-UnityScript-firstpass.unityproj", "{51F8C830-6255-5E26-6B80-9F49494B3D7C}"
EndProject
Project("{876B712E-A40B-460E-31B3-8D738C57EC20}") = "FPS - Copy", "Assembly-UnityScript.unityproj", "{6F42883E-3EC9-D589-F772-CF10221EA077}"
EndProject
Global
	GlobalSection(SolutionConfigurationPlatforms) = preSolution
		Debug|Any CPU = Debug|Any CPU
		Release|Any CPU = Release|Any CPU
	EndGlobalSection
	GlobalSection(ProjectConfigurationPlatforms) = postSolution
		{75351B24-0E8E-FA39-70C9-895A70BABA52}.Debug|Any CPU.ActiveCfg = Debug|Any CPU
		{75351B24-0E8E-FA39-70C9-895A70BABA52}.Debug|Any CPU.Build.0 = Debug|Any CPU
		{75351B24-0E8E-FA39-70C9-895A70BABA52}.Release|Any CPU.ActiveCfg = Release|Any CPU
		{75351B24-0E8E-FA39-70C9-895A70BABA52}.Release|Any CPU.Build.0 = Release|Any CPU
		{742E6438-5DF6-BD8B-06E1-880D5875450D}.Debug|Any CPU.ActiveCfg = Debug|Any CPU
		{742E6438-5DF6-BD8B-06E1-880D5875450D}.Debug|Any CPU.Build.0 = Debug|Any CPU
		{742E6438-5DF6-BD8B-06E1-880D5875450D}.Release|Any CPU.ActiveCfg = Release|Any CPU
		{742E6438-5DF6-BD8B-06E1-880D5875450D}.Release|Any CPU.Build.0 = Release|Any CPU
		{51F8C830-6255-5E26-6B80-9F49494B3D7C}.Debug|Any CPU.ActiveCfg = Debug|Any CPU
		{51F8C830-6255-5E26-6B80-9F49494B3D7C}.Debug|Any CPU.Build.0 = Debug|Any CPU
		{51F8C830-6255-5E26-6B80-9F49494B3D7C}.Release|Any CPU.ActiveCfg = Release|Any CPU
		{51F8C830-6255-5E26-6B80-9F49494B3D7C}.Release|Any CPU.Build.0 = Release|Any CPU
		{6F42883E-3EC9-D589-F772-CF10221EA077}.Debug|Any CPU.ActiveCfg = Debug|Any CPU
		{6F42883E-3EC9-D589-F772-CF10221EA077}.Debug|Any CPU.Build.0 = Debug|Any CPU
		{6F42883E-3EC9-D589-F772-CF10221EA077}.Release|Any CPU.ActiveCfg = Release|Any CPU
		{6F42883E-3EC9-D589-F772-CF10221EA077}.Release|Any CPU.Build.0 = Release|Any CPU
	EndGlobalSection
	GlobalSection(SolutionProperties) = preSolution
		HideSolutionNode = FALSE
	EndGlobalSection
																					GlobalSection(MonoDevelopProperties) = preSolution
		StartupItem = Assembly-CSharp.csproj
		Policies = $0
		$0.TextStylePolicy = $1
		$1.inheritsSet = null
		$1.scope = text/x-csharp
		$0.CSharpFormattingPolicy = $2
		$2.inheritsSet = Mono
		$2.inheritsScope = text/x-csharp
		$2.scope = text/x-csharp
		$0.TextStylePolicy = $3
		$3.FileWidth = 120
		$3.TabWidth = 4
		$3.EolMarker = Unix
		$3.inheritsSet = Mono
		$3.inheritsScope = text/plain
		$3.scope = text/plain
	EndGlobalSection

EndGlobal
