Microsoft Visual Studio Solution File, Format Version 11.00
# Visual Studio 2008

Project("{D9A77260-AC32-1930-DFBE-C406DFE09816}") = "FPS Tutorial-Wii - Copy", "Assembly-CSharp-firstpass.csproj", "{8A2E3349-9396-3698-80D2-E45BFEB819FE}"
EndProject
Project("{D9A77260-AC32-1930-DFBE-C406DFE09816}") = "FPS Tutorial-Wii - Copy", "Assembly-CSharp.csproj", "{FB118275-79CA-1183-E166-B2423C7BFEF5}"
EndProject
Project("{D9A77260-AC32-1930-DFBE-C406DFE09816}") = "FPS Tutorial-Wii - Copy", "Assembly-UnityScript-firstpass.unityproj", "{AAD32B30-C3DC-B996-6FEC-669C3A79D41C}"
EndProject
Project("{D9A77260-AC32-1930-DFBE-C406DFE09816}") = "FPS Tutorial-Wii - Copy", "Assembly-UnityScript.unityproj", "{53A2AC36-02B0-A9BE-D2D2-6A7FFD05E221}"
EndProject
Global
	GlobalSection(SolutionConfigurationPlatforms) = preSolution
		Debug|Any CPU = Debug|Any CPU
		Release|Any CPU = Release|Any CPU
	EndGlobalSection
	GlobalSection(ProjectConfigurationPlatforms) = postSolution
		{8A2E3349-9396-3698-80D2-E45BFEB819FE}.Debug|Any CPU.ActiveCfg = Debug|Any CPU
		{8A2E3349-9396-3698-80D2-E45BFEB819FE}.Debug|Any CPU.Build.0 = Debug|Any CPU
		{8A2E3349-9396-3698-80D2-E45BFEB819FE}.Release|Any CPU.ActiveCfg = Release|Any CPU
		{8A2E3349-9396-3698-80D2-E45BFEB819FE}.Release|Any CPU.Build.0 = Release|Any CPU
		{FB118275-79CA-1183-E166-B2423C7BFEF5}.Debug|Any CPU.ActiveCfg = Debug|Any CPU
		{FB118275-79CA-1183-E166-B2423C7BFEF5}.Debug|Any CPU.Build.0 = Debug|Any CPU
		{FB118275-79CA-1183-E166-B2423C7BFEF5}.Release|Any CPU.ActiveCfg = Release|Any CPU
		{FB118275-79CA-1183-E166-B2423C7BFEF5}.Release|Any CPU.Build.0 = Release|Any CPU
		{AAD32B30-C3DC-B996-6FEC-669C3A79D41C}.Debug|Any CPU.ActiveCfg = Debug|Any CPU
		{AAD32B30-C3DC-B996-6FEC-669C3A79D41C}.Debug|Any CPU.Build.0 = Debug|Any CPU
		{AAD32B30-C3DC-B996-6FEC-669C3A79D41C}.Release|Any CPU.ActiveCfg = Release|Any CPU
		{AAD32B30-C3DC-B996-6FEC-669C3A79D41C}.Release|Any CPU.Build.0 = Release|Any CPU
		{53A2AC36-02B0-A9BE-D2D2-6A7FFD05E221}.Debug|Any CPU.ActiveCfg = Debug|Any CPU
		{53A2AC36-02B0-A9BE-D2D2-6A7FFD05E221}.Debug|Any CPU.Build.0 = Debug|Any CPU
		{53A2AC36-02B0-A9BE-D2D2-6A7FFD05E221}.Release|Any CPU.ActiveCfg = Release|Any CPU
		{53A2AC36-02B0-A9BE-D2D2-6A7FFD05E221}.Release|Any CPU.Build.0 = Release|Any CPU
	EndGlobalSection
	GlobalSection(SolutionProperties) = preSolution
		HideSolutionNode = FALSE
	EndGlobalSection
								GlobalSection(MonoDevelopProperties) = preSolution
		StartupItem = Assembly-CSharp.csproj
		Policies = $0
		$0.TextStylePolicy = $1
		$1.inheritsSet = null
		$1.scope = text/x-csharp
		$0.CSharpFormattingPolicy = $2
		$2.inheritsSet = Mono
		$2.inheritsScope = text/x-csharp
		$2.scope = text/x-csharp
		$0.TextStylePolicy = $3
		$3.FileWidth = 120
		$3.TabWidth = 4
		$3.EolMarker = Unix
		$3.inheritsSet = Mono
		$3.inheritsScope = text/plain
		$3.scope = text/plain
	EndGlobalSection

EndGlobal
